// !$*UTF8*$!
{
	archiveVersion = 1;
	classes = {
	};
	objectVersion = 46;
	objects = {

/* Begin PBXBuildFile section */
		044263D71B442D96005B3383 /* main.m in Sources */ = {isa = PBXBuildFile; fileRef = 044263D61B442D96005B3383 /* main.m */; };
		044263E21B442D96005B3383 /* Images.xcassets in Resources */ = {isa = PBXBuildFile; fileRef = 044263E11B442D96005B3383 /* Images.xcassets */; };
		044263E51B442D96005B3383 /* LaunchScreen.xib in Resources */ = {isa = PBXBuildFile; fileRef = 044263E31B442D96005B3383 /* LaunchScreen.xib */; };
		044263F11B442D96005B3383 /* DrawerSlideMenu_DemoTests.m in Sources */ = {isa = PBXBuildFile; fileRef = 044263F01B442D96005B3383 /* DrawerSlideMenu_DemoTests.m */; };
		044263FC1B443052005B3383 /* record.gif in Resources */ = {isa = PBXBuildFile; fileRef = 044263FB1B443052005B3383 /* record.gif */; };
		044264231B4432D4005B3383 /* MSLogoViewController.m in Sources */ = {isa = PBXBuildFile; fileRef = 044264021B4432D4005B3383 /* MSLogoViewController.m */; };
		044264241B4432D4005B3383 /* MSMenuViewController.m in Sources */ = {isa = PBXBuildFile; fileRef = 044264041B4432D4005B3383 /* MSMenuViewController.m */; };
		044264251B4432D4005B3383 /* MSMonospaceWebViewController.m in Sources */ = {isa = PBXBuildFile; fileRef = 044264081B4432D4005B3383 /* MSMonospaceWebViewController.m */; };
		044264261B4432D4005B3383 /* MSControlsViewController.m in Sources */ = {isa = PBXBuildFile; fileRef = 0442640B1B4432D4005B3383 /* MSControlsViewController.m */; };
		044264271B4432D4005B3383 /* MSEditableTableViewController.m in Sources */ = {isa = PBXBuildFile; fileRef = 0442640D1B4432D4005B3383 /* MSEditableTableViewController.m */; };
		044264281B4432D4005B3383 /* MSLongTableViewController.m in Sources */ = {isa = PBXBuildFile; fileRef = 0442640F1B4432D4005B3383 /* MSLongTableViewController.m */; };
		044264291B4432D4005B3383 /* MSMapViewController.m in Sources */ = {isa = PBXBuildFile; fileRef = 044264111B4432D4005B3383 /* MSMapViewController.m */; };
		0442642A1B4432D4005B3383 /* MSBounceViewController.m in Sources */ = {isa = PBXBuildFile; fileRef = 044264141B4432D4005B3383 /* MSBounceViewController.m */; };
		0442642B1B4432D4005B3383 /* MSDynamicsViewController.m in Sources */ = {isa = PBXBuildFile; fileRef = 044264161B4432D4005B3383 /* MSDynamicsViewController.m */; };
		0442642C1B4432D4005B3383 /* MSGesturesViewController.m in Sources */ = {isa = PBXBuildFile; fileRef = 044264181B4432D4005B3383 /* MSGesturesViewController.m */; };
		0442642D1B4432D4005B3383 /* MSStylersViewController.m in Sources */ = {isa = PBXBuildFile; fileRef = 0442641A1B4432D4005B3383 /* MSStylersViewController.m */; };
		0442642E1B4432D4005B3383 /* AppDelegate.m in Sources */ = {isa = PBXBuildFile; fileRef = 0442641D1B4432D4005B3383 /* AppDelegate.m */; };
		0442642F1B4432D4005B3383 /* MSMenuCell.m in Sources */ = {isa = PBXBuildFile; fileRef = 044264201B4432D4005B3383 /* MSMenuCell.m */; };
		044264301B4432D4005B3383 /* MSMenuTableViewHeader.m in Sources */ = {isa = PBXBuildFile; fileRef = 044264221B4432D4005B3383 /* MSMenuTableViewHeader.m */; };
		9038533074AFAB06817A868A /* libPods.a in Frameworks */ = {isa = PBXBuildFile; fileRef = 69EF70F4553B8BC48BCE43AF /* libPods.a */; };
/* End PBXBuildFile section */

/* Begin PBXContainerItemProxy section */
		044263EB1B442D96005B3383 /* PBXContainerItemProxy */ = {
			isa = PBXContainerItemProxy;
			containerPortal = 044263C91B442D96005B3383 /* Project object */;
			proxyType = 1;
			remoteGlobalIDString = 044263D01B442D96005B3383;
			remoteInfo = DrawerSlideMenu_Demo;
		};
/* End PBXContainerItemProxy section */

/* Begin PBXFileReference section */
		044263D11B442D96005B3383 /* DrawerSlideMenu_Demo.app */ = {isa = PBXFileReference; explicitFileType = wrapper.application; includeInIndex = 0; path = DrawerSlideMenu_Demo.app; sourceTree = BUILT_PRODUCTS_DIR; };
		044263D51B442D96005B3383 /* Info.plist */ = {isa = PBXFileReference; lastKnownFileType = text.plist.xml; path = Info.plist; sourceTree = "<group>"; };
		044263D61B442D96005B3383 /* main.m */ = {isa = PBXFileReference; lastKnownFileType = sourcecode.c.objc; path = main.m; sourceTree = "<group>"; };
		044263E11B442D96005B3383 /* Images.xcassets */ = {isa = PBXFileReference; lastKnownFileType = folder.assetcatalog; path = Images.xcassets; sourceTree = "<group>"; };
		044263E41B442D96005B3383 /* Base */ = {isa = PBXFileReference; lastKnownFileType = file.xib; name = Base; path = Base.lproj/LaunchScreen.xib; sourceTree = "<group>"; };
		044263EA1B442D96005B3383 /* DrawerSlideMenu_DemoTests.xctest */ = {isa = PBXFileReference; explicitFileType = wrapper.cfbundle; includeInIndex = 0; path = DrawerSlideMenu_DemoTests.xctest; sourceTree = BUILT_PRODUCTS_DIR; };
		044263EF1B442D96005B3383 /* Info.plist */ = {isa = PBXFileReference; lastKnownFileType = text.plist.xml; path = Info.plist; sourceTree = "<group>"; };
		044263F01B442D96005B3383 /* DrawerSlideMenu_DemoTests.m */ = {isa = PBXFileReference; lastKnownFileType = sourcecode.c.objc; path = DrawerSlideMenu_DemoTests.m; sourceTree = "<group>"; };
		044263FB1B443052005B3383 /* record.gif */ = {isa = PBXFileReference; lastKnownFileType = image.gif; path = record.gif; sourceTree = "<group>"; };
		044263FD1B443072005B3383 /* PrefixHeader.pch */ = {isa = PBXFileReference; fileEncoding = 4; lastKnownFileType = sourcecode.c.h; path = PrefixHeader.pch; sourceTree = "<group>"; };
		044264011B4432D4005B3383 /* MSLogoViewController.h */ = {isa = PBXFileReference; fileEncoding = 4; lastKnownFileType = sourcecode.c.h; path = MSLogoViewController.h; sourceTree = "<group>"; };
		044264021B4432D4005B3383 /* MSLogoViewController.m */ = {isa = PBXFileReference; fileEncoding = 4; lastKnownFileType = sourcecode.c.objc; path = MSLogoViewController.m; sourceTree = "<group>"; };
		044264031B4432D4005B3383 /* MSMenuViewController.h */ = {isa = PBXFileReference; fileEncoding = 4; lastKnownFileType = sourcecode.c.h; path = MSMenuViewController.h; sourceTree = "<group>"; };
		044264041B4432D4005B3383 /* MSMenuViewController.m */ = {isa = PBXFileReference; fileEncoding = 4; lastKnownFileType = sourcecode.c.objc; path = MSMenuViewController.m; sourceTree = "<group>"; };
		044264071B4432D4005B3383 /* MSMonospaceWebViewController.h */ = {isa = PBXFileReference; fileEncoding = 4; lastKnownFileType = sourcecode.c.h; path = MSMonospaceWebViewController.h; sourceTree = "<group>"; };
		044264081B4432D4005B3383 /* MSMonospaceWebViewController.m */ = {isa = PBXFileReference; fileEncoding = 4; lastKnownFileType = sourcecode.c.objc; path = MSMonospaceWebViewController.m; sourceTree = "<group>"; };
		0442640A1B4432D4005B3383 /* MSControlsViewController.h */ = {isa = PBXFileReference; fileEncoding = 4; lastKnownFileType = sourcecode.c.h; path = MSControlsViewController.h; sourceTree = "<group>"; };
		0442640B1B4432D4005B3383 /* MSControlsViewController.m */ = {isa = PBXFileReference; fileEncoding = 4; lastKnownFileType = sourcecode.c.objc; path = MSControlsViewController.m; sourceTree = "<group>"; };
		0442640C1B4432D4005B3383 /* MSEditableTableViewController.h */ = {isa = PBXFileReference; fileEncoding = 4; lastKnownFileType = sourcecode.c.h; path = MSEditableTableViewController.h; sourceTree = "<group>"; };
		0442640D1B4432D4005B3383 /* MSEditableTableViewController.m */ = {isa = PBXFileReference; fileEncoding = 4; lastKnownFileType = sourcecode.c.objc; path = MSEditableTableViewController.m; sourceTree = "<group>"; };
		0442640E1B4432D4005B3383 /* MSLongTableViewController.h */ = {isa = PBXFileReference; fileEncoding = 4; lastKnownFileType = sourcecode.c.h; path = MSLongTableViewController.h; sourceTree = "<group>"; };
		0442640F1B4432D4005B3383 /* MSLongTableViewController.m */ = {isa = PBXFileReference; fileEncoding = 4; lastKnownFileType = sourcecode.c.objc; path = MSLongTableViewController.m; sourceTree = "<group>"; };
		044264101B4432D4005B3383 /* MSMapViewController.h */ = {isa = PBXFileReference; fileEncoding = 4; lastKnownFileType = sourcecode.c.h; path = MSMapViewController.h; sourceTree = "<group>"; };
		044264111B4432D4005B3383 /* MSMapViewController.m */ = {isa = PBXFileReference; fileEncoding = 4; lastKnownFileType = sourcecode.c.objc; path = MSMapViewController.m; sourceTree = "<group>"; };
		044264131B4432D4005B3383 /* MSBounceViewController.h */ = {isa = PBXFileReference; fileEncoding = 4; lastKnownFileType = sourcecode.c.h; path = MSBounceViewController.h; sourceTree = "<group>"; };
		044264141B4432D4005B3383 /* MSBounceViewController.m */ = {isa = PBXFileReference; fileEncoding = 4; lastKnownFileType = sourcecode.c.objc; path = MSBounceViewController.m; sourceTree = "<group>"; };
		044264151B4432D4005B3383 /* MSDynamicsViewController.h */ = {isa = PBXFileReference; fileEncoding = 4; lastKnownFileType = sourcecode.c.h; path = MSDynamicsViewController.h; sourceTree = "<group>"; };
		044264161B4432D4005B3383 /* MSDynamicsViewController.m */ = {isa = PBXFileReference; fileEncoding = 4; lastKnownFileType = sourcecode.c.objc; path = MSDynamicsViewController.m; sourceTree = "<group>"; };
		044264171B4432D4005B3383 /* MSGesturesViewController.h */ = {isa = PBXFileReference; fileEncoding = 4; lastKnownFileType = sourcecode.c.h; path = MSGesturesViewController.h; sourceTree = "<group>"; };
		044264181B4432D4005B3383 /* MSGesturesViewController.m */ = {isa = PBXFileReference; fileEncoding = 4; lastKnownFileType = sourcecode.c.objc; path = MSGesturesViewController.m; sourceTree = "<group>"; };
		044264191B4432D4005B3383 /* MSStylersViewController.h */ = {isa = PBXFileReference; fileEncoding = 4; lastKnownFileType = sourcecode.c.h; path = MSStylersViewController.h; sourceTree = "<group>"; };
		0442641A1B4432D4005B3383 /* MSStylersViewController.m */ = {isa = PBXFileReference; fileEncoding = 4; lastKnownFileType = sourcecode.c.objc; path = MSStylersViewController.m; sourceTree = "<group>"; };
		0442641C1B4432D4005B3383 /* AppDelegate.h */ = {isa = PBXFileReference; fileEncoding = 4; lastKnownFileType = sourcecode.c.h; path = AppDelegate.h; sourceTree = "<group>"; };
		0442641D1B4432D4005B3383 /* AppDelegate.m */ = {isa = PBXFileReference; fileEncoding = 4; lastKnownFileType = sourcecode.c.objc; path = AppDelegate.m; sourceTree = "<group>"; };
		0442641F1B4432D4005B3383 /* MSMenuCell.h */ = {isa = PBXFileReference; fileEncoding = 4; lastKnownFileType = sourcecode.c.h; path = MSMenuCell.h; sourceTree = "<group>"; };
		044264201B4432D4005B3383 /* MSMenuCell.m */ = {isa = PBXFileReference; fileEncoding = 4; lastKnownFileType = sourcecode.c.objc; path = MSMenuCell.m; sourceTree = "<group>"; };
		044264211B4432D4005B3383 /* MSMenuTableViewHeader.h */ = {isa = PBXFileReference; fileEncoding = 4; lastKnownFileType = sourcecode.c.h; path = MSMenuTableViewHeader.h; sourceTree = "<group>"; };
		044264221B4432D4005B3383 /* MSMenuTableViewHeader.m */ = {isa = PBXFileReference; fileEncoding = 4; lastKnownFileType = sourcecode.c.objc; path = MSMenuTableViewHeader.m; sourceTree = "<group>"; };
		69EF70F4553B8BC48BCE43AF /* libPods.a */ = {isa = PBXFileReference; explicitFileType = archive.ar; includeInIndex = 0; path = libPods.a; sourceTree = BUILT_PRODUCTS_DIR; };
		B4BE80E16165957825F9C81F /* Pods.release.xcconfig */ = {isa = PBXFileReference; includeInIndex = 1; lastKnownFileType = text.xcconfig; name = Pods.release.xcconfig; path = "Pods/Target Support Files/Pods/Pods.release.xcconfig"; sourceTree = "<group>"; };
		DEEE081A23B0961F873E4EC8 /* Pods.debug.xcconfig */ = {isa = PBXFileReference; includeInIndex = 1; lastKnownFileType = text.xcconfig; name = Pods.debug.xcconfig; path = "Pods/Target Support Files/Pods/Pods.debug.xcconfig"; sourceTree = "<group>"; };
/* End PBXFileReference section */

/* Begin PBXFrameworksBuildPhase section */
		044263CE1B442D96005B3383 /* Frameworks */ = {
			isa = PBXFrameworksBuildPhase;
			buildActionMask = 2147483647;
			files = (
				9038533074AFAB06817A868A /* libPods.a in Frameworks */,
			);
			runOnlyForDeploymentPostprocessing = 0;
		};
		044263E71B442D96005B3383 /* Frameworks */ = {
			isa = PBXFrameworksBuildPhase;
			buildActionMask = 2147483647;
			files = (
			);
			runOnlyForDeploymentPostprocessing = 0;
		};
/* End PBXFrameworksBuildPhase section */

/* Begin PBXGroup section */
		044263C81B442D96005B3383 = {
			isa = PBXGroup;
			children = (
				044263D31B442D96005B3383 /* DrawerSlideMenu_Demo */,
				044263ED1B442D96005B3383 /* DrawerSlideMenu_DemoTests */,
				044263D21B442D96005B3383 /* Products */,
				977778098CFA42A0BF4597E1 /* Pods */,
				0B805092D3AE5C9AEEFD8D00 /* Frameworks */,
			);
			sourceTree = "<group>";
		};
		044263D21B442D96005B3383 /* Products */ = {
			isa = PBXGroup;
			children = (
				044263D11B442D96005B3383 /* DrawerSlideMenu_Demo.app */,
				044263EA1B442D96005B3383 /* DrawerSlideMenu_DemoTests.xctest */,
			);
			name = Products;
			sourceTree = "<group>";
		};
		044263D31B442D96005B3383 /* DrawerSlideMenu_Demo */ = {
			isa = PBXGroup;
			children = (
				044263FE1B4432D4005B3383 /* Classes */,
				044263D41B442D96005B3383 /* Supporting Files */,
			);
			path = DrawerSlideMenu_Demo;
			sourceTree = "<group>";
		};
		044263D41B442D96005B3383 /* Supporting Files */ = {
			isa = PBXGroup;
			children = (
				044263FA1B443052005B3383 /* ScreentRecord */,
				044263E11B442D96005B3383 /* Images.xcassets */,
				044263E31B442D96005B3383 /* LaunchScreen.xib */,
				044263D51B442D96005B3383 /* Info.plist */,
				044263D61B442D96005B3383 /* main.m */,
				044263FD1B443072005B3383 /* PrefixHeader.pch */,
			);
			name = "Supporting Files";
			sourceTree = "<group>";
		};
		044263ED1B442D96005B3383 /* DrawerSlideMenu_DemoTests */ = {
			isa = PBXGroup;
			children = (
				044263F01B442D96005B3383 /* DrawerSlideMenu_DemoTests.m */,
				044263EE1B442D96005B3383 /* Supporting Files */,
			);
			path = DrawerSlideMenu_DemoTests;
			sourceTree = "<group>";
		};
		044263EE1B442D96005B3383 /* Supporting Files */ = {
			isa = PBXGroup;
			children = (
				044263EF1B442D96005B3383 /* Info.plist */,
			);
			name = "Supporting Files";
			sourceTree = "<group>";
		};
		044263FA1B443052005B3383 /* ScreentRecord */ = {
			isa = PBXGroup;
			children = (
				044263FB1B443052005B3383 /* record.gif */,
			);
			path = ScreentRecord;
			sourceTree = "<group>";
		};
		044263FE1B4432D4005B3383 /* Classes */ = {
			isa = PBXGroup;
			children = (
				044263FF1B4432D4005B3383 /* Controllers */,
				0442641B1B4432D4005B3383 /* Other */,
				0442641E1B4432D4005B3383 /* Views */,
			);
			path = Classes;
			sourceTree = "<group>";
		};
		044263FF1B4432D4005B3383 /* Controllers */ = {
			isa = PBXGroup;
			children = (
				044264001B4432D4005B3383 /* Drawers */,
				044264051B4432D4005B3383 /* Panes */,
			);
			path = Controllers;
			sourceTree = "<group>";
		};
		044264001B4432D4005B3383 /* Drawers */ = {
			isa = PBXGroup;
			children = (
				044264011B4432D4005B3383 /* MSLogoViewController.h */,
				044264021B4432D4005B3383 /* MSLogoViewController.m */,
				044264031B4432D4005B3383 /* MSMenuViewController.h */,
				044264041B4432D4005B3383 /* MSMenuViewController.m */,
			);
			path = Drawers;
			sourceTree = "<group>";
		};
		044264051B4432D4005B3383 /* Panes */ = {
			isa = PBXGroup;
			children = (
				044264061B4432D4005B3383 /* About */,
				044264091B4432D4005B3383 /* Examples */,
				044264121B4432D4005B3383 /* Options */,
			);
			path = Panes;
			sourceTree = "<group>";
		};
		044264061B4432D4005B3383 /* About */ = {
			isa = PBXGroup;
			children = (
				044264071B4432D4005B3383 /* MSMonospaceWebViewController.h */,
				044264081B4432D4005B3383 /* MSMonospaceWebViewController.m */,
			);
			path = About;
			sourceTree = "<group>";
		};
		044264091B4432D4005B3383 /* Examples */ = {
			isa = PBXGroup;
			children = (
				0442640A1B4432D4005B3383 /* MSControlsViewController.h */,
				0442640B1B4432D4005B3383 /* MSControlsViewController.m */,
				0442640C1B4432D4005B3383 /* MSEditableTableViewController.h */,
				0442640D1B4432D4005B3383 /* MSEditableTableViewController.m */,
				0442640E1B4432D4005B3383 /* MSLongTableViewController.h */,
				0442640F1B4432D4005B3383 /* MSLongTableViewController.m */,
				044264101B4432D4005B3383 /* MSMapViewController.h */,
				044264111B4432D4005B3383 /* MSMapViewController.m */,
			);
			path = Examples;
			sourceTree = "<group>";
		};
		044264121B4432D4005B3383 /* Options */ = {
			isa = PBXGroup;
			children = (
				044264131B4432D4005B3383 /* MSBounceViewController.h */,
				044264141B4432D4005B3383 /* MSBounceViewController.m */,
				044264151B4432D4005B3383 /* MSDynamicsViewController.h */,
				044264161B4432D4005B3383 /* MSDynamicsViewController.m */,
				044264171B4432D4005B3383 /* MSGesturesViewController.h */,
				044264181B4432D4005B3383 /* MSGesturesViewController.m */,
				044264191B4432D4005B3383 /* MSStylersViewController.h */,
				0442641A1B4432D4005B3383 /* MSStylersViewController.m */,
			);
			path = Options;
			sourceTree = "<group>";
		};
		0442641B1B4432D4005B3383 /* Other */ = {
			isa = PBXGroup;
			children = (
				0442641C1B4432D4005B3383 /* AppDelegate.h */,
				0442641D1B4432D4005B3383 /* AppDelegate.m */,
			);
			path = Other;
			sourceTree = "<group>";
		};
		0442641E1B4432D4005B3383 /* Views */ = {
			isa = PBXGroup;
			children = (
				0442641F1B4432D4005B3383 /* MSMenuCell.h */,
				044264201B4432D4005B3383 /* MSMenuCell.m */,
				044264211B4432D4005B3383 /* MSMenuTableViewHeader.h */,
				044264221B4432D4005B3383 /* MSMenuTableViewHeader.m */,
			);
			path = Views;
			sourceTree = "<group>";
		};
		0B805092D3AE5C9AEEFD8D00 /* Frameworks */ = {
			isa = PBXGroup;
			children = (
				69EF70F4553B8BC48BCE43AF /* libPods.a */,
			);
			name = Frameworks;
			sourceTree = "<group>";
		};
		977778098CFA42A0BF4597E1 /* Pods */ = {
			isa = PBXGroup;
			children = (
				DEEE081A23B0961F873E4EC8 /* Pods.debug.xcconfig */,
				B4BE80E16165957825F9C81F /* Pods.release.xcconfig */,
			);
			name = Pods;
			sourceTree = "<group>";
		};
/* End PBXGroup section */

/* Begin PBXNativeTarget section */
		044263D01B442D96005B3383 /* DrawerSlideMenu_Demo */ = {
			isa = PBXNativeTarget;
			buildConfigurationList = 044263F41B442D96005B3383 /* Build configuration list for PBXNativeTarget "DrawerSlideMenu_Demo" */;
			buildPhases = (
				331369F4AF22A10AC683FE14 /* Check Pods Manifest.lock */,
				044263CD1B442D96005B3383 /* Sources */,
				044263CE1B442D96005B3383 /* Frameworks */,
				044263CF1B442D96005B3383 /* Resources */,
				A0FDF544A068615EEBEEE97C /* Copy Pods Resources */,
			);
			buildRules = (
			);
			dependencies = (
			);
			name = DrawerSlideMenu_Demo;
			productName = DrawerSlideMenu_Demo;
			productReference = 044263D11B442D96005B3383 /* DrawerSlideMenu_Demo.app */;
			productType = "com.apple.product-type.application";
		};
		044263E91B442D96005B3383 /* DrawerSlideMenu_DemoTests */ = {
			isa = PBXNativeTarget;
			buildConfigurationList = 044263F71B442D96005B3383 /* Build configuration list for PBXNativeTarget "DrawerSlideMenu_DemoTests" */;
			buildPhases = (
				044263E61B442D96005B3383 /* Sources */,
				044263E71B442D96005B3383 /* Frameworks */,
				044263E81B442D96005B3383 /* Resources */,
			);
			buildRules = (
			);
			dependencies = (
				044263EC1B442D96005B3383 /* PBXTargetDependency */,
			);
			name = DrawerSlideMenu_DemoTests;
			productName = DrawerSlideMenu_DemoTests;
			productReference = 044263EA1B442D96005B3383 /* DrawerSlideMenu_DemoTests.xctest */;
			productType = "com.apple.product-type.bundle.unit-test";
		};
/* End PBXNativeTarget section */

/* Begin PBXProject section */
		044263C91B442D96005B3383 /* Project object */ = {
			isa = PBXProject;
			attributes = {
				LastUpgradeCheck = 0620;
				ORGANIZATIONNAME = Free;
				TargetAttributes = {
					044263D01B442D96005B3383 = {
						CreatedOnToolsVersion = 6.2;
					};
					044263E91B442D96005B3383 = {
						CreatedOnToolsVersion = 6.2;
						TestTargetID = 044263D01B442D96005B3383;
					};
				};
			};
			buildConfigurationList = 044263CC1B442D96005B3383 /* Build configuration list for PBXProject "DrawerSlideMenu_Demo" */;
			compatibilityVersion = "Xcode 3.2";
			developmentRegion = English;
			hasScannedForEncodings = 0;
			knownRegions = (
				en,
				Base,
			);
			mainGroup = 044263C81B442D96005B3383;
			productRefGroup = 044263D21B442D96005B3383 /* Products */;
			projectDirPath = "";
			projectRoot = "";
			targets = (
				044263D01B442D96005B3383 /* DrawerSlideMenu_Demo */,
				044263E91B442D96005B3383 /* DrawerSlideMenu_DemoTests */,
			);
		};
/* End PBXProject section */

/* Begin PBXResourcesBuildPhase section */
		044263CF1B442D96005B3383 /* Resources */ = {
			isa = PBXResourcesBuildPhase;
			buildActionMask = 2147483647;
			files = (
				044263FC1B443052005B3383 /* record.gif in Resources */,
				044263E51B442D96005B3383 /* LaunchScreen.xib in Resources */,
				044263E21B442D96005B3383 /* Images.xcassets in Resources */,
			);
			runOnlyForDeploymentPostprocessing = 0;
		};
		044263E81B442D96005B3383 /* Resources */ = {
			isa = PBXResourcesBuildPhase;
			buildActionMask = 2147483647;
			files = (
			);
			runOnlyForDeploymentPostprocessing = 0;
		};
/* End PBXResourcesBuildPhase section */

/* Begin PBXShellScriptBuildPhase section */
		331369F4AF22A10AC683FE14 /* Check Pods Manifest.lock */ = {
			isa = PBXShellScriptBuildPhase;
			buildActionMask = 2147483647;
			files = (
			);
			inputPaths = (
			);
			name = "Check Pods Manifest.lock";
			outputPaths = (
			);
			runOnlyForDeploymentPostprocessing = 0;
			shellPath = /bin/sh;
			shellScript = "diff \"${PODS_ROOT}/../Podfile.lock\" \"${PODS_ROOT}/Manifest.lock\" > /dev/null\nif [[ $? != 0 ]] ; then\n    cat << EOM\nerror: The sandbox is not in sync with the Podfile.lock. Run 'pod install' or update your CocoaPods installation.\nEOM\n    exit 1\nfi\n";
			showEnvVarsInLog = 0;
		};
		A0FDF544A068615EEBEEE97C /* Copy Pods Resources */ = {
			isa = PBXShellScriptBuildPhase;
			buildActionMask = 2147483647;
			files = (
			);
			inputPaths = (
			);
			name = "Copy Pods Resources";
			outputPaths = (
			);
			runOnlyForDeploymentPostprocessing = 0;
			shellPath = /bin/sh;
			shellScript = "\"${SRCROOT}/Pods/Target Support Files/Pods/Pods-resources.sh\"\n";
			showEnvVarsInLog = 0;
		};
/* End PBXShellScriptBuildPhase section */

/* Begin PBXSourcesBuildPhase section */
		044263CD1B442D96005B3383 /* Sources */ = {
			isa = PBXSourcesBuildPhase;
			buildActionMask = 2147483647;
			files = (
				044264241B4432D4005B3383 /* MSMenuViewController.m in Sources */,
				0442642D1B4432D4005B3383 /* MSStylersViewController.m in Sources */,
				0442642C1B4432D4005B3383 /* MSGesturesViewController.m in Sources */,
				0442642A1B4432D4005B3383 /* MSBounceViewController.m in Sources */,
				0442642F1B4432D4005B3383 /* MSMenuCell.m in Sources */,
				044264261B4432D4005B3383 /* MSControlsViewController.m in Sources */,
				044264281B4432D4005B3383 /* MSLongTableViewController.m in Sources */,
				0442642B1B4432D4005B3383 /* MSDynamicsViewController.m in Sources */,
				0442642E1B4432D4005B3383 /* AppDelegate.m in Sources */,
				044263D71B442D96005B3383 /* main.m in Sources */,
				044264231B4432D4005B3383 /* MSLogoViewController.m in Sources */,
				044264301B4432D4005B3383 /* MSMenuTableViewHeader.m in Sources */,
				044264291B4432D4005B3383 /* MSMapViewController.m in Sources */,
				044264251B4432D4005B3383 /* MSMonospaceWebViewController.m in Sources */,
				044264271B4432D4005B3383 /* MSEditableTableViewController.m in Sources */,
			);
			runOnlyForDeploymentPostprocessing = 0;
		};
		044263E61B442D96005B3383 /* Sources */ = {
			isa = PBXSourcesBuildPhase;
			buildActionMask = 2147483647;
			files = (
				044263F11B442D96005B3383 /* DrawerSlideMenu_DemoTests.m in Sources */,
			);
			runOnlyForDeploymentPostprocessing = 0;
		};
/* End PBXSourcesBuildPhase section */

/* Begin PBXTargetDependency section */
		044263EC1B442D96005B3383 /* PBXTargetDependency */ = {
			isa = PBXTargetDependency;
			target = 044263D01B442D96005B3383 /* DrawerSlideMenu_Demo */;
			targetProxy = 044263EB1B442D96005B3383 /* PBXContainerItemProxy */;
		};
/* End PBXTargetDependency section */

/* Begin PBXVariantGroup section */
		044263E31B442D96005B3383 /* LaunchScreen.xib */ = {
			isa = PBXVariantGroup;
			children = (
				044263E41B442D96005B3383 /* Base */,
			);
			name = LaunchScreen.xib;
			sourceTree = "<group>";
		};
/* End PBXVariantGroup section */

/* Begin XCBuildConfiguration section */
		044263F21B442D96005B3383 /* Debug */ = {
			isa = XCBuildConfiguration;
			buildSettings = {
				ALWAYS_SEARCH_USER_PATHS = NO;
				CLANG_CXX_LANGUAGE_STANDARD = "gnu++0x";
				CLANG_CXX_LIBRARY = "libc++";
				CLANG_ENABLE_MODULES = YES;
				CLANG_ENABLE_OBJC_ARC = YES;
				CLANG_WARN_BOOL_CONVERSION = YES;
				CLANG_WARN_CONSTANT_CONVERSION = YES;
				CLANG_WARN_DIRECT_OBJC_ISA_USAGE = YES_ERROR;
				CLANG_WARN_EMPTY_BODY = YES;
				CLANG_WARN_ENUM_CONVERSION = YES;
				CLANG_WARN_INT_CONVERSION = YES;
				CLANG_WARN_OBJC_ROOT_CLASS = YES_ERROR;
				CLANG_WARN_UNREACHABLE_CODE = YES;
				CLANG_WARN__DUPLICATE_METHOD_MATCH = YES;
				"CODE_SIGN_IDENTITY[sdk=iphoneos*]" = "iPhone Developer";
				COPY_PHASE_STRIP = NO;
				ENABLE_STRICT_OBJC_MSGSEND = YES;
				GCC_C_LANGUAGE_STANDARD = gnu99;
				GCC_DYNAMIC_NO_PIC = NO;
				GCC_OPTIMIZATION_LEVEL = 0;
				GCC_PREPROCESSOR_DEFINITIONS = (
					"DEBUG=1",
					"$(inherited)",
				);
				GCC_SYMBOLS_PRIVATE_EXTERN = NO;
				GCC_WARN_64_TO_32_BIT_CONVERSION = YES;
				GCC_WARN_ABOUT_RETURN_TYPE = YES_ERROR;
				GCC_WARN_UNDECLARED_SELECTOR = YES;
				GCC_WARN_UNINITIALIZED_AUTOS = YES_AGGRESSIVE;
				GCC_WARN_UNUSED_FUNCTION = YES;
				GCC_WARN_UNUSED_VARIABLE = YES;
				IPHONEOS_DEPLOYMENT_TARGET = 8.2;
				MTL_ENABLE_DEBUG_INFO = YES;
				ONLY_ACTIVE_ARCH = YES;
				SDKROOT = iphoneos;
				TARGETED_DEVICE_FAMILY = "1,2";
			};
			name = Debug;
		};
		044263F31B442D96005B3383 /* Release */ = {
			isa = XCBuildConfiguration;
			buildSettings = {
				ALWAYS_SEARCH_USER_PATHS = NO;
				CLANG_CXX_LANGUAGE_STANDARD = "gnu++0x";
				CLANG_CXX_LIBRARY = "libc++";
				CLANG_ENABLE_MODULES = YES;
				CLANG_ENABLE_OBJC_ARC = YES;
				CLANG_WARN_BOOL_CONVERSION = YES;
				CLANG_WARN_CONSTANT_CONVERSION = YES;
				CLANG_WARN_DIRECT_OBJC_ISA_USAGE = YES_ERROR;
				CLANG_WARN_EMPTY_BODY = YES;
				CLANG_WARN_ENUM_CONVERSION = YES;
				CLANG_WARN_INT_CONVERSION = YES;
				CLANG_WARN_OBJC_ROOT_CLASS = YES_ERROR;
				CLANG_WARN_UNREACHABLE_CODE = YES;
				CLANG_WARN__DUPLICATE_METHOD_MATCH = YES;
				"CODE_SIGN_IDENTITY[sdk=iphoneos*]" = "iPhone Developer";
				COPY_PHASE_STRIP = NO;
				ENABLE_NS_ASSERTIONS = NO;
				ENABLE_STRICT_OBJC_MSGSEND = YES;
				GCC_C_LANGUAGE_STANDARD = gnu99;
				GCC_WARN_64_TO_32_BIT_CONVERSION = YES;
				GCC_WARN_ABOUT_RETURN_TYPE = YES_ERROR;
				GCC_WARN_UNDECLARED_SELECTOR = YES;
				GCC_WARN_UNINITIALIZED_AUTOS = YES_AGGRESSIVE;
				GCC_WARN_UNUSED_FUNCTION = YES;
				GCC_WARN_UNUSED_VARIABLE = YES;
				IPHONEOS_DEPLOYMENT_TARGET = 8.2;
				MTL_ENABLE_DEBUG_INFO = NO;
				SDKROOT = iphoneos;
				TARGETED_DEVICE_FAMILY = "1,2";
				VALIDATE_PRODUCT = YES;
			};
			name = Release;
		};
		044263F51B442D96005B3383 /* Debug */ = {
			isa = XCBuildConfiguration;
			baseConfigurationReference = DEEE081A23B0961F873E4EC8 /* Pods.debug.xcconfig */;
			buildSettings = {
				ASSETCATALOG_COMPILER_APPICON_NAME = AppIcon;
				GCC_PRECOMPILE_PREFIX_HEADER = YES;
				GCC_PREFIX_HEADER = DrawerSlideMenu_Demo/PrefixHeader.pch;
				INFOPLIST_FILE = DrawerSlideMenu_Demo/Info.plist;
				LD_RUNPATH_SEARCH_PATHS = "$(inherited) @executable_path/Frameworks";
				PRODUCT_NAME = "$(TARGET_NAME)";
			};
			name = Debug;
		};
		044263F61B442D96005B3383 /* Release */ = {
			isa = XCBuildConfiguration;
			baseConfigurationReference = B4BE80E16165957825F9C81F /* Pods.release.xcconfig */;
			buildSettings = {
				ASSETCATALOG_COMPILER_APPICON_NAME = AppIcon;
				GCC_PRECOMPILE_PREFIX_HEADER = YES;
				GCC_PREFIX_HEADER = DrawerSlideMenu_Demo/PrefixHeader.pch;
				INFOPLIST_FILE = DrawerSlideMenu_Demo/Info.plist;
				LD_RUNPATH_SEARCH_PATHS = "$(inherited) @executable_path/Frameworks";
				PRODUCT_NAME = "$(TARGET_NAME)";
			};
			name = Release;
		};
		044263F81B442D96005B3383 /* Debug */ = {
			isa = XCBuildConfiguration;
			buildSettings = {
				BUNDLE_LOADER = "$(TEST_HOST)";
				FRAMEWORK_SEARCH_PATHS = (
					"$(SDKROOT)/Developer/Library/Frameworks",
					"$(inherited)",
				);
				GCC_PREPROCESSOR_DEFINITIONS = (
					"DEBUG=1",
					"$(inherited)",
				);
				INFOPLIST_FILE = DrawerSlideMenu_DemoTests/Info.plist;
				LD_RUNPATH_SEARCH_PATHS = "$(inherited) @executable_path/Frameworks @loader_path/Frameworks";
				PRODUCT_NAME = "$(TARGET_NAME)";
				TEST_HOST = "$(BUILT_PRODUCTS_DIR)/DrawerSlideMenu_Demo.app/DrawerSlideMenu_Demo";
			};
			name = Debug;
		};
		044263F91B442D96005B3383 /* Release */ = {
			isa = XCBuildConfiguration;
			buildSettings = {
				BUNDLE_LOADER = "$(TEST_HOST)";
				FRAMEWORK_SEARCH_PATHS = (
					"$(SDKROOT)/Developer/Library/Frameworks",
					"$(inherited)",
				);
				INFOPLIST_FILE = DrawerSlideMenu_DemoTests/Info.plist;
				LD_RUNPATH_SEARCH_PATHS = "$(inherited) @executable_path/Frameworks @loader_path/Frameworks";
				PRODUCT_NAME = "$(TARGET_NAME)";
				TEST_HOST = "$(BUILT_PRODUCTS_DIR)/DrawerSlideMenu_Demo.app/DrawerSlideMenu_Demo";
			};
			name = Release;
		};
/* End XCBuildConfiguration section */

/* Begin XCConfigurationList section */
		044263CC1B442D96005B3383 /* Build configuration list for PBXProject "DrawerSlideMenu_Demo" */ = {
			isa = XCConfigurationList;
			buildConfigurations = (
				044263F21B442D96005B3383 /* Debug */,
				044263F31B442D96005B3383 /* Release */,
			);
			defaultConfigurationIsVisible = 0;
			defaultConfigurationName = Release;
		};
		044263F41B442D96005B3383 /* Build configuration list for PBXNativeTarget "DrawerSlideMenu_Demo" */ = {
			isa = XCConfigurationList;
			buildConfigurations = (
				044263F51B442D96005B3383 /* Debug */,
				044263F61B442D96005B3383 /* Release */,
			);
			defaultConfigurationIsVisible = 0;
			defaultConfigurationName = Release;
		};
		044263F71B442D96005B3383 /* Build configuration list for PBXNativeTarget "DrawerSlideMenu_DemoTests" */ = {
			isa = XCConfigurationList;
			buildConfigurations = (
				044263F81B442D96005B3383 /* Debug */,
				044263F91B442D96005B3383 /* Release */,
			);
			defaultConfigurationIsVisible = 0;
			defaultConfigurationName = Release;
		};
/* End XCConfigurationList section */
	};
	rootObject = 044263C91B442D96005B3383 /* Project object */;
}
